// !$*UTF8*$!
{
	archiveVersion = 1;
	classes = {
	};
	objectVersion = 56;
	objects = {

/* Begin PBXBuildFile section */
		C2A3A1462AB25F910068C081 /* Mickey_Mouse_calculatorApp.swift in Sources */ = {isa = PBXBuildFile; fileRef = C2A3A1452AB25F910068C081 /* Mickey_Mouse_calculatorApp.swift */; };
		C2A3A1482AB25F910068C081 /* ContentView.swift in Sources */ = {isa = PBXBuildFile; fileRef = C2A3A1472AB25F910068C081 /* ContentView.swift */; };
		C2A3A14A2AB25F930068C081 /* Assets.xcassets in Resources */ = {isa = PBXBuildFile; fileRef = C2A3A1492AB25F930068C081 /* Assets.xcassets */; };
		C2A3A14D2AB25F930068C081 /* Preview Assets.xcassets in Resources */ = {isa = PBXBuildFile; fileRef = C2A3A14C2AB25F930068C081 /* Preview Assets.xcassets */; };
		C2A3A1572AB25F940068C081 /* Mickey_Mouse_calculatorTests.swift in Sources */ = {isa = PBXBuildFile; fileRef = C2A3A1562AB25F940068C081 /* Mickey_Mouse_calculatorTests.swift */; };
		C2A3A1612AB25F940068C081 /* Mickey_Mouse_calculatorUITests.swift in Sources */ = {isa = PBXBuildFile; fileRef = C2A3A1602AB25F940068C081 /* Mickey_Mouse_calculatorUITests.swift */; };
		C2A3A1632AB25F940068C081 /* Mickey_Mouse_calculatorUITestsLaunchTests.swift in Sources */ = {isa = PBXBuildFile; fileRef = C2A3A1622AB25F940068C081 /* Mickey_Mouse_calculatorUITestsLaunchTests.swift */; };
/* End PBXBuildFile section */

/* Begin PBXContainerItemProxy section */
		C2A3A1532AB25F940068C081 /* PBXContainerItemProxy */ = {
			isa = PBXContainerItemProxy;
			containerPortal = C2A3A13A2AB25F910068C081 /* Project object */;
			proxyType = 1;
			remoteGlobalIDString = C2A3A1412AB25F910068C081;
			remoteInfo = "Mickey Mouse calculator";
		};
		C2A3A15D2AB25F940068C081 /* PBXContainerItemProxy */ = {
			isa = PBXContainerItemProxy;
			containerPortal = C2A3A13A2AB25F910068C081 /* Project object */;
			proxyType = 1;
			remoteGlobalIDString = C2A3A1412AB25F910068C081;
			remoteInfo = "Mickey Mouse calculator";
		};
/* End PBXContainerItemProxy section */

/* Begin PBXFileReference section */
		C2A3A1422AB25F910068C081 /* Mickey Mouse calculator.app */ = {isa = PBXFileReference; explicitFileType = wrapper.application; includeInIndex = 0; path = "Mickey Mouse calculator.app"; sourceTree = BUILT_PRODUCTS_DIR; };
		C2A3A1452AB25F910068C081 /* Mickey_Mouse_calculatorApp.swift */ = {isa = PBXFileReference; lastKnownFileType = sourcecode.swift; path = Mickey_Mouse_calculatorApp.swift; sourceTree = "<group>"; };
		C2A3A1472AB25F910068C081 /* ContentView.swift */ = {isa = PBXFileReference; lastKnownFileType = sourcecode.swift; path = ContentView.swift; sourceTree = "<group>"; };
		C2A3A1492AB25F930068C081 /* Assets.xcassets */ = {isa = PBXFileReference; lastKnownFileType = folder.assetcatalog; path = Assets.xcassets; sourceTree = "<group>"; };
		C2A3A14C2AB25F930068C081 /* Preview Assets.xcassets */ = {isa = PBXFileReference; lastKnownFileType = folder.assetcatalog; path = "Preview Assets.xcassets"; sourceTree = "<group>"; };
		C2A3A1522AB25F940068C081 /* Mickey Mouse calculatorTests.xctest */ = {isa = PBXFileReference; explicitFileType = wrapper.cfbundle; includeInIndex = 0; path = "Mickey Mouse calculatorTests.xctest"; sourceTree = BUILT_PRODUCTS_DIR; };
		C2A3A1562AB25F940068C081 /* Mickey_Mouse_calculatorTests.swift */ = {isa = PBXFileReference; lastKnownFileType = sourcecode.swift; path = Mickey_Mouse_calculatorTests.swift; sourceTree = "<group>"; };
		C2A3A15C2AB25F940068C081 /* Mickey Mouse calculatorUITests.xctest */ = {isa = PBXFileReference; explicitFileType = wrapper.cfbundle; includeInIndex = 0; path = "Mickey Mouse calculatorUITests.xctest"; sourceTree = BUILT_PRODUCTS_DIR; };
		C2A3A1602AB25F940068C081 /* Mickey_Mouse_calculatorUITests.swift */ = {isa = PBXFileReference; lastKnownFileType = sourcecode.swift; path = Mickey_Mouse_calculatorUITests.swift; sourceTree = "<group>"; };
		C2A3A1622AB25F940068C081 /* Mickey_Mouse_calculatorUITestsLaunchTests.swift */ = {isa = PBXFileReference; lastKnownFileType = sourcecode.swift; path = Mickey_Mouse_calculatorUITestsLaunchTests.swift; sourceTree = "<group>"; };
/* End PBXFileReference section */

/* Begin PBXFrameworksBuildPhase section */
		C2A3A13F2AB25F910068C081 /* Frameworks */ = {
			isa = PBXFrameworksBuildPhase;
			buildActionMask = 2147483647;
			files = (
			);
			runOnlyForDeploymentPostprocessing = 0;
		};
		C2A3A14F2AB25F940068C081 /* Frameworks */ = {
			isa = PBXFrameworksBuildPhase;
			buildActionMask = 2147483647;
			files = (
			);
			runOnlyForDeploymentPostprocessing = 0;
		};
		C2A3A1592AB25F940068C081 /* Frameworks */ = {
			isa = PBXFrameworksBuildPhase;
			buildActionMask = 2147483647;
			files = (
			);
			runOnlyForDeploymentPostprocessing = 0;
		};
/* End PBXFrameworksBuildPhase section */

/* Begin PBXGroup section */
		C2A3A1392AB25F910068C081 = {
			isa = PBXGroup;
			children = (
				C2A3A1442AB25F910068C081 /* Mickey Mouse calculator */,
				C2A3A1552AB25F940068C081 /* Mickey Mouse calculatorTests */,
				C2A3A15F2AB25F940068C081 /* Mickey Mouse calculatorUITests */,
				C2A3A1432AB25F910068C081 /* Products */,
			);
			sourceTree = "<group>";
		};
		C2A3A1432AB25F910068C081 /* Products */ = {
			isa = PBXGroup;
			children = (
				C2A3A1422AB25F910068C081 /* Mickey Mouse calculator.app */,
				C2A3A1522AB25F940068C081 /* Mickey Mouse calculatorTests.xctest */,
				C2A3A15C2AB25F940068C081 /* Mickey Mouse calculatorUITests.xctest */,
			);
			name = Products;
			sourceTree = "<group>";
		};
		C2A3A1442AB25F910068C081 /* Mickey Mouse calculator */ = {
			isa = PBXGroup;
			children = (
				C2A3A1452AB25F910068C081 /* Mickey_Mouse_calculatorApp.swift */,
				C2A3A1472AB25F910068C081 /* ContentView.swift */,
				C2A3A1492AB25F930068C081 /* Assets.xcassets */,
				C2A3A14B2AB25F930068C081 /* Preview Content */,
			);
			path = "Mickey Mouse calculator";
			sourceTree = "<group>";
		};
		C2A3A14B2AB25F930068C081 /* Preview Content */ = {
			isa = PBXGroup;
			children = (
				C2A3A14C2AB25F930068C081 /* Preview Assets.xcassets */,
			);
			path = "Preview Content";
			sourceTree = "<group>";
		};
		C2A3A1552AB25F940068C081 /* Mickey Mouse calculatorTests */ = {
			isa = PBXGroup;
			children = (
				C2A3A1562AB25F940068C081 /* Mickey_Mouse_calculatorTests.swift */,
			);
			path = "Mickey Mouse calculatorTests";
			sourceTree = "<group>";
		};
		C2A3A15F2AB25F940068C081 /* Mickey Mouse calculatorUITests */ = {
			isa = PBXGroup;
			children = (
				C2A3A1602AB25F940068C081 /* Mickey_Mouse_calculatorUITests.swift */,
				C2A3A1622AB25F940068C081 /* Mickey_Mouse_calculatorUITestsLaunchTests.swift */,
			);
			path = "Mickey Mouse calculatorUITests";
			sourceTree = "<group>";
		};
/* End PBXGroup section */

/* Begin PBXNativeTarget section */
		C2A3A1412AB25F910068C081 /* Mickey Mouse calculator */ = {
			isa = PBXNativeTarget;
			buildConfigurationList = C2A3A1662AB25F940068C081 /* Build configuration list for PBXNativeTarget "Mickey Mouse calculator" */;
			buildPhases = (
				C2A3A13E2AB25F910068C081 /* Sources */,
				C2A3A13F2AB25F910068C081 /* Frameworks */,
				C2A3A1402AB25F910068C081 /* Resources */,
			);
			buildRules = (
			);
			dependencies = (
			);
			name = "Mickey Mouse calculator";
			productName = "Mickey Mouse calculator";
			productReference = C2A3A1422AB25F910068C081 /* Mickey Mouse calculator.app */;
			productType = "com.apple.product-type.application";
		};
		C2A3A1512AB25F940068C081 /* Mickey Mouse calculatorTests */ = {
			isa = PBXNativeTarget;
			buildConfigurationList = C2A3A1692AB25F940068C081 /* Build configuration list for PBXNativeTarget "Mickey Mouse calculatorTests" */;
			buildPhases = (
				C2A3A14E2AB25F940068C081 /* Sources */,
				C2A3A14F2AB25F940068C081 /* Frameworks */,
				C2A3A1502AB25F940068C081 /* Resources */,
			);
			buildRules = (
			);
			dependencies = (
				C2A3A1542AB25F940068C081 /* PBXTargetDependency */,
			);
			name = "Mickey Mouse calculatorTests";
			productName = "Mickey Mouse calculatorTests";
			productReference = C2A3A1522AB25F940068C081 /* Mickey Mouse calculatorTests.xctest */;
			productType = "com.apple.product-type.bundle.unit-test";
		};
		C2A3A15B2AB25F940068C081 /* Mickey Mouse calculatorUITests */ = {
			isa = PBXNativeTarget;
			buildConfigurationList = C2A3A16C2AB25F940068C081 /* Build configuration list for PBXNativeTarget "Mickey Mouse calculatorUITests" */;
			buildPhases = (
				C2A3A1582AB25F940068C081 /* Sources */,
				C2A3A1592AB25F940068C081 /* Frameworks */,
				C2A3A15A2AB25F940068C081 /* Resources */,
			);
			buildRules = (
			);
			dependencies = (
				C2A3A15E2AB25F940068C081 /* PBXTargetDependency */,
			);
			name = "Mickey Mouse calculatorUITests";
			productName = "Mickey Mouse calculatorUITests";
			productReference = C2A3A15C2AB25F940068C081 /* Mickey Mouse calculatorUITests.xctest */;
			productType = "com.apple.product-type.bundle.ui-testing";
		};
/* End PBXNativeTarget section */

/* Begin PBXProject section */
		C2A3A13A2AB25F910068C081 /* Project object */ = {
			isa = PBXProject;
			attributes = {
				BuildIndependentTargetsInParallel = 1;
				LastSwiftUpdateCheck = 1430;
				LastUpgradeCheck = 1430;
				TargetAttributes = {
					C2A3A1412AB25F910068C081 = {
						CreatedOnToolsVersion = 14.3.1;
					};
					C2A3A1512AB25F940068C081 = {
						CreatedOnToolsVersion = 14.3.1;
						TestTargetID = C2A3A1412AB25F910068C081;
					};
					C2A3A15B2AB25F940068C081 = {
						CreatedOnToolsVersion = 14.3.1;
						TestTargetID = C2A3A1412AB25F910068C081;
					};
				};
			};
			buildConfigurationList = C2A3A13D2AB25F910068C081 /* Build configuration list for PBXProject "Mickey Mouse calculator" */;
			compatibilityVersion = "Xcode 14.0";
			developmentRegion = en;
			hasScannedForEncodings = 0;
			knownRegions = (
				en,
				Base,
			);
			mainGroup = C2A3A1392AB25F910068C081;
			productRefGroup = C2A3A1432AB25F910068C081 /* Products */;
			projectDirPath = "";
			projectRoot = "";
			targets = (
				C2A3A1412AB25F910068C081 /* Mickey Mouse calculator */,
				C2A3A1512AB25F940068C081 /* Mickey Mouse calculatorTests */,
				C2A3A15B2AB25F940068C081 /* Mickey Mouse calculatorUITests */,
			);
		};
/* End PBXProject section */

/* Begin PBXResourcesBuildPhase section */
		C2A3A1402AB25F910068C081 /* Resources */ = {
			isa = PBXResourcesBuildPhase;
			buildActionMask = 2147483647;
			files = (
				C2A3A14D2AB25F930068C081 /* Preview Assets.xcassets in Resources */,
				C2A3A14A2AB25F930068C081 /* Assets.xcassets in Resources */,
			);
			runOnlyForDeploymentPostprocessing = 0;
		};
		C2A3A1502AB25F940068C081 /* Resources */ = {
			isa = PBXResourcesBuildPhase;
			buildActionMask = 2147483647;
			files = (
			);
			runOnlyForDeploymentPostprocessing = 0;
		};
		C2A3A15A2AB25F940068C081 /* Resources */ = {
			isa = PBXResourcesBuildPhase;
			buildActionMask = 2147483647;
			files = (
			);
			runOnlyForDeploymentPostprocessing = 0;
		};
/* End PBXResourcesBuildPhase section */

/* Begin PBXSourcesBuildPhase section */
		C2A3A13E2AB25F910068C081 /* Sources */ = {
			isa = PBXSourcesBuildPhase;
			buildActionMask = 2147483647;
			files = (
				C2A3A1482AB25F910068C081 /* ContentView.swift in Sources */,
				C2A3A1462AB25F910068C081 /* Mickey_Mouse_calculatorApp.swift in Sources */,
			);
			runOnlyForDeploymentPostprocessing = 0;
		};
		C2A3A14E2AB25F940068C081 /* Sources */ = {
			isa = PBXSourcesBuildPhase;
			buildActionMask = 2147483647;
			files = (
				C2A3A1572AB25F940068C081 /* Mickey_Mouse_calculatorTests.swift in Sources */,
			);
			runOnlyForDeploymentPostprocessing = 0;
		};
		C2A3A1582AB25F940068C081 /* Sources */ = {
			isa = PBXSourcesBuildPhase;
			buildActionMask = 2147483647;
			files = (
				C2A3A1632AB25F940068C081 /* Mickey_Mouse_calculatorUITestsLaunchTests.swift in Sources */,
				C2A3A1612AB25F940068C081 /* Mickey_Mouse_calculatorUITests.swift in Sources */,
			);
			runOnlyForDeploymentPostprocessing = 0;
		};
/* End PBXSourcesBuildPhase section */

/* Begin PBXTargetDependency section */
		C2A3A1542AB25F940068C081 /* PBXTargetDependency */ = {
			isa = PBXTargetDependency;
			target = C2A3A1412AB25F910068C081 /* Mickey Mouse calculator */;
			targetProxy = C2A3A1532AB25F940068C081 /* PBXContainerItemProxy */;
		};
		C2A3A15E2AB25F940068C081 /* PBXTargetDependency */ = {
			isa = PBXTargetDependency;
			target = C2A3A1412AB25F910068C081 /* Mickey Mouse calculator */;
			targetProxy = C2A3A15D2AB25F940068C081 /* PBXContainerItemProxy */;
		};
/* End PBXTargetDependency section */

/* Begin XCBuildConfiguration section */
		C2A3A1642AB25F940068C081 /* Debug */ = {
			isa = XCBuildConfiguration;
			buildSettings = {
				ALWAYS_SEARCH_USER_PATHS = NO;
				CLANG_ANALYZER_NONNULL = YES;
				CLANG_ANALYZER_NUMBER_OBJECT_CONVERSION = YES_AGGRESSIVE;
				CLANG_CXX_LANGUAGE_STANDARD = "gnu++20";
				CLANG_ENABLE_MODULES = YES;
				CLANG_ENABLE_OBJC_ARC = YES;
				CLANG_ENABLE_OBJC_WEAK = YES;
				CLANG_WARN_BLOCK_CAPTURE_AUTORELEASING = YES;
				CLANG_WARN_BOOL_CONVERSION = YES;
				CLANG_WARN_COMMA = YES;
				CLANG_WARN_CONSTANT_CONVERSION = YES;
				CLANG_WARN_DEPRECATED_OBJC_IMPLEMENTATIONS = YES;
				CLANG_WARN_DIRECT_OBJC_ISA_USAGE = YES_ERROR;
				CLANG_WARN_DOCUMENTATION_COMMENTS = YES;
				CLANG_WARN_EMPTY_BODY = YES;
				CLANG_WARN_ENUM_CONVERSION = YES;
				CLANG_WARN_INFINITE_RECURSION = YES;
				CLANG_WARN_INT_CONVERSION = YES;
				CLANG_WARN_NON_LITERAL_NULL_CONVERSION = YES;
				CLANG_WARN_OBJC_IMPLICIT_RETAIN_SELF = YES;
				CLANG_WARN_OBJC_LITERAL_CONVERSION = YES;
				CLANG_WARN_OBJC_ROOT_CLASS = YES_ERROR;
				CLANG_WARN_QUOTED_INCLUDE_IN_FRAMEWORK_HEADER = YES;
				CLANG_WARN_RANGE_LOOP_ANALYSIS = YES;
				CLANG_WARN_STRICT_PROTOTYPES = YES;
				CLANG_WARN_SUSPICIOUS_MOVE = YES;
				CLANG_WARN_UNGUARDED_AVAILABILITY = YES_AGGRESSIVE;
				CLANG_WARN_UNREACHABLE_CODE = YES;
				CLANG_WARN__DUPLICATE_METHOD_MATCH = YES;
				COPY_PHASE_STRIP = NO;
				DEBUG_INFORMATION_FORMAT = dwarf;
				ENABLE_STRICT_OBJC_MSGSEND = YES;
				ENABLE_TESTABILITY = YES;
				GCC_C_LANGUAGE_STANDARD = gnu11;
				GCC_DYNAMIC_NO_PIC = NO;
				GCC_NO_COMMON_BLOCKS = YES;
				GCC_OPTIMIZATION_LEVEL = 0;
				GCC_PREPROCESSOR_DEFINITIONS = (
					"DEBUG=1",
					"$(inherited)",
				);
				GCC_WARN_64_TO_32_BIT_CONVERSION = YES;
				GCC_WARN_ABOUT_RETURN_TYPE = YES_ERROR;
				GCC_WARN_UNDECLARED_SELECTOR = YES;
				GCC_WARN_UNINITIALIZED_AUTOS = YES_AGGRESSIVE;
				GCC_WARN_UNUSED_FUNCTION = YES;
				GCC_WARN_UNUSED_VARIABLE = YES;
				IPHONEOS_DEPLOYMENT_TARGET = 16.4;
				MTL_ENABLE_DEBUG_INFO = INCLUDE_SOURCE;
				MTL_FAST_MATH = YES;
				ONLY_ACTIVE_ARCH = YES;
				SDKROOT = iphoneos;
				SWIFT_ACTIVE_COMPILATION_CONDITIONS = DEBUG;
				SWIFT_OPTIMIZATION_LEVEL = "-Onone";
			};
			name = Debug;
		};
		C2A3A1652AB25F940068C081 /* Release */ = {
			isa = XCBuildConfiguration;
			buildSettings = {
				ALWAYS_SEARCH_USER_PATHS = NO;
				CLANG_ANALYZER_NONNULL = YES;
				CLANG_ANALYZER_NUMBER_OBJECT_CONVERSION = YES_AGGRESSIVE;
				CLANG_CXX_LANGUAGE_STANDARD = "gnu++20";
				CLANG_ENABLE_MODULES = YES;
				CLANG_ENABLE_OBJC_ARC = YES;
				CLANG_ENABLE_OBJC_WEAK = YES;
				CLANG_WARN_BLOCK_CAPTURE_AUTORELEASING = YES;
				CLANG_WARN_BOOL_CONVERSION = YES;
				CLANG_WARN_COMMA = YES;
				CLANG_WARN_CONSTANT_CONVERSION = YES;
				CLANG_WARN_DEPRECATED_OBJC_IMPLEMENTATIONS = YES;
				CLANG_WARN_DIRECT_OBJC_ISA_USAGE = YES_ERROR;
				CLANG_WARN_DOCUMENTATION_COMMENTS = YES;
				CLANG_WARN_EMPTY_BODY = YES;
				CLANG_WARN_ENUM_CONVERSION = YES;
				CLANG_WARN_INFINITE_RECURSION = YES;
				CLANG_WARN_INT_CONVERSION = YES;
				CLANG_WARN_NON_LITERAL_NULL_CONVERSION = YES;
				CLANG_WARN_OBJC_IMPLICIT_RETAIN_SELF = YES;
				CLANG_WARN_OBJC_LITERAL_CONVERSION = YES;
				CLANG_WARN_OBJC_ROOT_CLASS = YES_ERROR;
				CLANG_WARN_QUOTED_INCLUDE_IN_FRAMEWORK_HEADER = YES;
				CLANG_WARN_RANGE_LOOP_ANALYSIS = YES;
				CLANG_WARN_STRICT_PROTOTYPES = YES;
				CLANG_WARN_SUSPICIOUS_MOVE = YES;
				CLANG_WARN_UNGUARDED_AVAILABILITY = YES_AGGRESSIVE;
				CLANG_WARN_UNREACHABLE_CODE = YES;
				CLANG_WARN__DUPLICATE_METHOD_MATCH = YES;
				COPY_PHASE_STRIP = NO;
				DEBUG_INFORMATION_FORMAT = "dwarf-with-dsym";
				ENABLE_NS_ASSERTIONS = NO;
				ENABLE_STRICT_OBJC_MSGSEND = YES;
				GCC_C_LANGUAGE_STANDARD = gnu11;
				GCC_NO_COMMON_BLOCKS = YES;
				GCC_WARN_64_TO_32_BIT_CONVERSION = YES;
				GCC_WARN_ABOUT_RETURN_TYPE = YES_ERROR;
				GCC_WARN_UNDECLARED_SELECTOR = YES;
				GCC_WARN_UNINITIALIZED_AUTOS = YES_AGGRESSIVE;
				GCC_WARN_UNUSED_FUNCTION = YES;
				GCC_WARN_UNUSED_VARIABLE = YES;
				IPHONEOS_DEPLOYMENT_TARGET = 16.4;
				MTL_ENABLE_DEBUG_INFO = NO;
				MTL_FAST_MATH = YES;
				SDKROOT = iphoneos;
				SWIFT_COMPILATION_MODE = wholemodule;
				SWIFT_OPTIMIZATION_LEVEL = "-O";
				VALIDATE_PRODUCT = YES;
			};
			name = Release;
		};
		C2A3A1672AB25F940068C081 /* Debug */ = {
			isa = XCBuildConfiguration;
			buildSettings = {
				ASSETCATALOG_COMPILER_APPICON_NAME = AppIcon;
				ASSETCATALOG_COMPILER_GLOBAL_ACCENT_COLOR_NAME = AccentColor;
				CODE_SIGN_STYLE = Automatic;
				CURRENT_PROJECT_VERSION = 1;
				DEVELOPMENT_ASSET_PATHS = "\"Mickey Mouse calculator/Preview Content\"";
				ENABLE_PREVIEWS = YES;
				GENERATE_INFOPLIST_FILE = YES;
				INFOPLIST_KEY_UIApplicationSceneManifest_Generation = YES;
				INFOPLIST_KEY_UIApplicationSupportsIndirectInputEvents = YES;
				INFOPLIST_KEY_UILaunchScreen_Generation = YES;
				INFOPLIST_KEY_UISupportedInterfaceOrientations_iPad = "UIInterfaceOrientationPortrait UIInterfaceOrientationPortraitUpsideDown UIInterfaceOrientationLandscapeLeft UIInterfaceOrientationLandscapeRight";
				INFOPLIST_KEY_UISupportedInterfaceOrientations_iPhone = "UIInterfaceOrientationPortrait UIInterfaceOrientationLandscapeLeft UIInterfaceOrientationLandscapeRight";
				LD_RUNPATH_SEARCH_PATHS = (
					"$(inherited)",
					"@executable_path/Frameworks",
				);
				MARKETING_VERSION = 1.0;
				PRODUCT_BUNDLE_IDENTIFIER = "Elis-Pethke.Mickey-Mouse-calculator";
				PRODUCT_NAME = "$(TARGET_NAME)";
				SWIFT_EMIT_LOC_STRINGS = YES;
				SWIFT_VERSION = 5.0;
				TARGETED_DEVICE_FAMILY = "1,2";
			};
			name = Debug;
		};
		C2A3A1682AB25F940068C081 /* Release */ = {
			isa = XCBuildConfiguration;
			buildSettings = {
				ASSETCATALOG_COMPILER_APPICON_NAME = AppIcon;
				ASSETCATALOG_COMPILER_GLOBAL_ACCENT_COLOR_NAME = AccentColor;
				CODE_SIGN_STYLE = Automatic;
				CURRENT_PROJECT_VERSION = 1;
				DEVELOPMENT_ASSET_PATHS = "\"Mickey Mouse calculator/Preview Content\"";
				ENABLE_PREVIEWS = YES;
				GENERATE_INFOPLIST_FILE = YES;
				INFOPLIST_KEY_UIApplicationSceneManifest_Generation = YES;
				INFOPLIST_KEY_UIApplicationSupportsIndirectInputEvents = YES;
				INFOPLIST_KEY_UILaunchScreen_Generation = YES;
				INFOPLIST_KEY_UISupportedInterfaceOrientations_iPad = "UIInterfaceOrientationPortrait UIInterfaceOrientationPortraitUpsideDown UIInterfaceOrientationLandscapeLeft UIInterfaceOrientationLandscapeRight";
				INFOPLIST_KEY_UISupportedInterfaceOrientations_iPhone = "UIInterfaceOrientationPortrait UIInterfaceOrientationLandscapeLeft UIInterfaceOrientationLandscapeRight";
				LD_RUNPATH_SEARCH_PATHS = (
					"$(inherited)",
					"@executable_path/Frameworks",
				);
				MARKETING_VERSION = 1.0;
				PRODUCT_BUNDLE_IDENTIFIER = "Elis-Pethke.Mickey-Mouse-calculator";
				PRODUCT_NAME = "$(TARGET_NAME)";
				SWIFT_EMIT_LOC_STRINGS = YES;
				SWIFT_VERSION = 5.0;
				TARGETED_DEVICE_FAMILY = "1,2";
			};
			name = Release;
		};
		C2A3A16A2AB25F940068C081 /* Debug */ = {
			isa = XCBuildConfiguration;
			buildSettings = {
				ALWAYS_EMBED_SWIFT_STANDARD_LIBRARIES = YES;
				BUNDLE_LOADER = "$(TEST_HOST)";
				CODE_SIGN_STYLE = Automatic;
				CURRENT_PROJECT_VERSION = 1;
				GENERATE_INFOPLIST_FILE = YES;
				IPHONEOS_DEPLOYMENT_TARGET = 16.4;
				MARKETING_VERSION = 1.0;
				PRODUCT_BUNDLE_IDENTIFIER = "Elis-Pethke.Mickey-Mouse-calculatorTests";
				PRODUCT_NAME = "$(TARGET_NAME)";
				SWIFT_EMIT_LOC_STRINGS = NO;
				SWIFT_VERSION = 5.0;
				TARGETED_DEVICE_FAMILY = "1,2";
				TEST_HOST = "$(BUILT_PRODUCTS_DIR)/Mickey Mouse calculator.app/$(BUNDLE_EXECUTABLE_FOLDER_PATH)/Mickey Mouse calculator";
			};
			name = Debug;
		};
		C2A3A16B2AB25F940068C081 /* Release */ = {
			isa = XCBuildConfiguration;
			buildSettings = {
				ALWAYS_EMBED_SWIFT_STANDARD_LIBRARIES = YES;
				BUNDLE_LOADER = "$(TEST_HOST)";
				CODE_SIGN_STYLE = Automatic;
				CURRENT_PROJECT_VERSION = 1;
				GENERATE_INFOPLIST_FILE = YES;
				IPHONEOS_DEPLOYMENT_TARGET = 16.4;
				MARKETING_VERSION = 1.0;
				PRODUCT_BUNDLE_IDENTIFIER = "Elis-Pethke.Mickey-Mouse-calculatorTests";
				PRODUCT_NAME = "$(TARGET_NAME)";
				SWIFT_EMIT_LOC_STRINGS = NO;
				SWIFT_VERSION = 5.0;
				TARGETED_DEVICE_FAMILY = "1,2";
				TEST_HOST = "$(BUILT_PRODUCTS_DIR)/Mickey Mouse calculator.app/$(BUNDLE_EXECUTABLE_FOLDER_PATH)/Mickey Mouse calculator";
			};
			name = Release;
		};
		C2A3A16D2AB25F940068C081 /* Debug */ = {
			isa = XCBuildConfiguration;
			buildSettings = {
				ALWAYS_EMBED_SWIFT_STANDARD_LIBRARIES = YES;
				CODE_SIGN_STYLE = Automatic;
				CURRENT_PROJECT_VERSION = 1;
				GENERATE_INFOPLIST_FILE = YES;
				MARKETING_VERSION = 1.0;
				PRODUCT_BUNDLE_IDENTIFIER = "Elis-Pethke.Mickey-Mouse-calculatorUITests";
				PRODUCT_NAME = "$(TARGET_NAME)";
				SWIFT_EMIT_LOC_STRINGS = NO;
				SWIFT_VERSION = 5.0;
				TARGETED_DEVICE_FAMILY = "1,2";
				TEST_TARGET_NAME = "Mickey Mouse calculator";
			};
			name = Debug;
		};
		C2A3A16E2AB25F940068C081 /* Release */ = {
			isa = XCBuildConfiguration;
			buildSettings = {
				ALWAYS_EMBED_SWIFT_STANDARD_LIBRARIES = YES;
				CODE_SIGN_STYLE = Automatic;
				CURRENT_PROJECT_VERSION = 1;
				GENERATE_INFOPLIST_FILE = YES;
				MARKETING_VERSION = 1.0;
				PRODUCT_BUNDLE_IDENTIFIER = "Elis-Pethke.Mickey-Mouse-calculatorUITests";
				PRODUCT_NAME = "$(TARGET_NAME)";
				SWIFT_EMIT_LOC_STRINGS = NO;
				SWIFT_VERSION = 5.0;
				TARGETED_DEVICE_FAMILY = "1,2";
				TEST_TARGET_NAME = "Mickey Mouse calculator";
			};
			name = Release;
		};
/* End XCBuildConfiguration section */

/* Begin XCConfigurationList section */
		C2A3A13D2AB25F910068C081 /* Build configuration list for PBXProject "Mickey Mouse calculator" */ = {
			isa = XCConfigurationList;
			buildConfigurations = (
				C2A3A1642AB25F940068C081 /* Debug */,
				C2A3A1652AB25F940068C081 /* Release */,
			);
			defaultConfigurationIsVisible = 0;
			defaultConfigurationName = Release;
		};
		C2A3A1662AB25F940068C081 /* Build configuration list for PBXNativeTarget "Mickey Mouse calculator" */ = {
			isa = XCConfigurationList;
			buildConfigurations = (
				C2A3A1672AB25F940068C081 /* Debug */,
				C2A3A1682AB25F940068C081 /* Release */,
			);
			defaultConfigurationIsVisible = 0;
			defaultConfigurationName = Release;
		};
		C2A3A1692AB25F940068C081 /* Build configuration list for PBXNativeTarget "Mickey Mouse calculatorTests" */ = {
			isa = XCConfigurationList;
			buildConfigurations = (
				C2A3A16A2AB25F940068C081 /* Debug */,
				C2A3A16B2AB25F940068C081 /* Release */,
			);
			defaultConfigurationIsVisible = 0;
			defaultConfigurationName = Release;
		};
		C2A3A16C2AB25F940068C081 /* Build configuration list for PBXNativeTarget "Mickey Mouse calculatorUITests" */ = {
			isa = XCConfigurationList;
			buildConfigurations = (
				C2A3A16D2AB25F940068C081 /* Debug */,
				C2A3A16E2AB25F940068C081 /* Release */,
			);
			defaultConfigurationIsVisible = 0;
			defaultConfigurationName = Release;
		};
/* End XCConfigurationList section */
	};
	rootObject = C2A3A13A2AB25F910068C081 /* Project object */;
}
